
Microsoft Visual Studio Solution File, Format Version 12.00
# Visual Studio 15
VisualStudioVersion = 15.0.26124.0
MinimumVisualStudioVersion = 15.0.26124.0
Project("{2150E333-8FDC-42A3-9474-1A3956D46DE8}") = "src", "src", "{36ED94F1-8517-4C70-A065-9F07F8E11DEE}"
EndProject
Project("{FAE04EC0-301F-11D3-BF4B-00C04F79EFBC}") = "FlyApiContext.Domain", "src\flyApiContext.Domain\FlyApiContext.Domain.csproj", "{92E422CA-68BA-4013-A49E-2EF3F6B11A0D}"
EndProject
Project("{FAE04EC0-301F-11D3-BF4B-00C04F79EFBC}") = "FlyApi.Infra", "src\FlyApi.Infra\FlyApi.Infra.csproj", "{7A614A5B-D63E-4BFE-8AAB-F19142556243}"
EndProject
Global
	GlobalSection(SolutionConfigurationPlatforms) = preSolution
		Debug|Any CPU = Debug|Any CPU
		Debug|x64 = Debug|x64
		Debug|x86 = Debug|x86
		Release|Any CPU = Release|Any CPU
		Release|x64 = Release|x64
		Release|x86 = Release|x86
	EndGlobalSection
	GlobalSection(SolutionProperties) = preSolution
		HideSolutionNode = FALSE
	EndGlobalSection
	GlobalSection(ProjectConfigurationPlatforms) = postSolution
		{92E422CA-68BA-4013-A49E-2EF3F6B11A0D}.Debug|Any CPU.ActiveCfg = Debug|Any CPU
		{92E422CA-68BA-4013-A49E-2EF3F6B11A0D}.Debug|Any CPU.Build.0 = Debug|Any CPU
		{92E422CA-68BA-4013-A49E-2EF3F6B11A0D}.Debug|x64.ActiveCfg = Debug|Any CPU
		{92E422CA-68BA-4013-A49E-2EF3F6B11A0D}.Debug|x64.Build.0 = Debug|Any CPU
		{92E422CA-68BA-4013-A49E-2EF3F6B11A0D}.Debug|x86.ActiveCfg = Debug|Any CPU
		{92E422CA-68BA-4013-A49E-2EF3F6B11A0D}.Debug|x86.Build.0 = Debug|Any CPU
		{92E422CA-68BA-4013-A49E-2EF3F6B11A0D}.Release|Any CPU.ActiveCfg = Release|Any CPU
		{92E422CA-68BA-4013-A49E-2EF3F6B11A0D}.Release|Any CPU.Build.0 = Release|Any CPU
		{92E422CA-68BA-4013-A49E-2EF3F6B11A0D}.Release|x64.ActiveCfg = Release|Any CPU
		{92E422CA-68BA-4013-A49E-2EF3F6B11A0D}.Release|x64.Build.0 = Release|Any CPU
		{92E422CA-68BA-4013-A49E-2EF3F6B11A0D}.Release|x86.ActiveCfg = Release|Any CPU
		{92E422CA-68BA-4013-A49E-2EF3F6B11A0D}.Release|x86.Build.0 = Release|Any CPU
		{7A614A5B-D63E-4BFE-8AAB-F19142556243}.Debug|Any CPU.ActiveCfg = Debug|Any CPU
		{7A614A5B-D63E-4BFE-8AAB-F19142556243}.Debug|Any CPU.Build.0 = Debug|Any CPU
		{7A614A5B-D63E-4BFE-8AAB-F19142556243}.Debug|x64.ActiveCfg = Debug|Any CPU
		{7A614A5B-D63E-4BFE-8AAB-F19142556243}.Debug|x64.Build.0 = Debug|Any CPU
		{7A614A5B-D63E-4BFE-8AAB-F19142556243}.Debug|x86.ActiveCfg = Debug|Any CPU
		{7A614A5B-D63E-4BFE-8AAB-F19142556243}.Debug|x86.Build.0 = Debug|Any CPU
		{7A614A5B-D63E-4BFE-8AAB-F19142556243}.Release|Any CPU.ActiveCfg = Release|Any CPU
		{7A614A5B-D63E-4BFE-8AAB-F19142556243}.Release|Any CPU.Build.0 = Release|Any CPU
		{7A614A5B-D63E-4BFE-8AAB-F19142556243}.Release|x64.ActiveCfg = Release|Any CPU
		{7A614A5B-D63E-4BFE-8AAB-F19142556243}.Release|x64.Build.0 = Release|Any CPU
		{7A614A5B-D63E-4BFE-8AAB-F19142556243}.Release|x86.ActiveCfg = Release|Any CPU
		{7A614A5B-D63E-4BFE-8AAB-F19142556243}.Release|x86.Build.0 = Release|Any CPU
	EndGlobalSection
	GlobalSection(NestedProjects) = preSolution
		{92E422CA-68BA-4013-A49E-2EF3F6B11A0D} = {36ED94F1-8517-4C70-A065-9F07F8E11DEE}
		{7A614A5B-D63E-4BFE-8AAB-F19142556243} = {36ED94F1-8517-4C70-A065-9F07F8E11DEE}
	EndGlobalSection
EndGlobal
