
Microsoft Visual Studio Solution File, Format Version 12.00
# Visual Studio 15
VisualStudioVersion = 15.0.26124.0
MinimumVisualStudioVersion = 15.0.26124.0
Project("{2150E333-8FDC-42A3-9474-1A3956D46DE8}") = "src", "src", "{87FD0767-8C9B-4134-B89D-968E19A18A2B}"
EndProject
Project("{FAE04EC0-301F-11D3-BF4B-00C04F79EFBC}") = "FlyApiContext.Domain", "src\flyApi.Domain\FlyApiContext.Domain.csproj", "{4A642D84-5C59-4761-AEF3-A7469BB59433}"
EndProject
Project("{FAE04EC0-301F-11D3-BF4B-00C04F79EFBC}") = "FlyApi.Infra", "src\FlyApi.Infra\FlyApi.Infra.csproj", "{DAED7D7B-CFC2-44C9-8509-320597622542}"
EndProject
Global
	GlobalSection(SolutionConfigurationPlatforms) = preSolution
		Debug|Any CPU = Debug|Any CPU
		Debug|x64 = Debug|x64
		Debug|x86 = Debug|x86
		Release|Any CPU = Release|Any CPU
		Release|x64 = Release|x64
		Release|x86 = Release|x86
	EndGlobalSection
	GlobalSection(SolutionProperties) = preSolution
		HideSolutionNode = FALSE
	EndGlobalSection
	GlobalSection(ProjectConfigurationPlatforms) = postSolution
		{4A642D84-5C59-4761-AEF3-A7469BB59433}.Debug|Any CPU.ActiveCfg = Debug|Any CPU
		{4A642D84-5C59-4761-AEF3-A7469BB59433}.Debug|Any CPU.Build.0 = Debug|Any CPU
		{4A642D84-5C59-4761-AEF3-A7469BB59433}.Debug|x64.ActiveCfg = Debug|Any CPU
		{4A642D84-5C59-4761-AEF3-A7469BB59433}.Debug|x64.Build.0 = Debug|Any CPU
		{4A642D84-5C59-4761-AEF3-A7469BB59433}.Debug|x86.ActiveCfg = Debug|Any CPU
		{4A642D84-5C59-4761-AEF3-A7469BB59433}.Debug|x86.Build.0 = Debug|Any CPU
		{4A642D84-5C59-4761-AEF3-A7469BB59433}.Release|Any CPU.ActiveCfg = Release|Any CPU
		{4A642D84-5C59-4761-AEF3-A7469BB59433}.Release|Any CPU.Build.0 = Release|Any CPU
		{4A642D84-5C59-4761-AEF3-A7469BB59433}.Release|x64.ActiveCfg = Release|Any CPU
		{4A642D84-5C59-4761-AEF3-A7469BB59433}.Release|x64.Build.0 = Release|Any CPU
		{4A642D84-5C59-4761-AEF3-A7469BB59433}.Release|x86.ActiveCfg = Release|Any CPU
		{4A642D84-5C59-4761-AEF3-A7469BB59433}.Release|x86.Build.0 = Release|Any CPU
		{DAED7D7B-CFC2-44C9-8509-320597622542}.Debug|Any CPU.ActiveCfg = Debug|Any CPU
		{DAED7D7B-CFC2-44C9-8509-320597622542}.Debug|Any CPU.Build.0 = Debug|Any CPU
		{DAED7D7B-CFC2-44C9-8509-320597622542}.Debug|x64.ActiveCfg = Debug|Any CPU
		{DAED7D7B-CFC2-44C9-8509-320597622542}.Debug|x64.Build.0 = Debug|Any CPU
		{DAED7D7B-CFC2-44C9-8509-320597622542}.Debug|x86.ActiveCfg = Debug|Any CPU
		{DAED7D7B-CFC2-44C9-8509-320597622542}.Debug|x86.Build.0 = Debug|Any CPU
		{DAED7D7B-CFC2-44C9-8509-320597622542}.Release|Any CPU.ActiveCfg = Release|Any CPU
		{DAED7D7B-CFC2-44C9-8509-320597622542}.Release|Any CPU.Build.0 = Release|Any CPU
		{DAED7D7B-CFC2-44C9-8509-320597622542}.Release|x64.ActiveCfg = Release|Any CPU
		{DAED7D7B-CFC2-44C9-8509-320597622542}.Release|x64.Build.0 = Release|Any CPU
		{DAED7D7B-CFC2-44C9-8509-320597622542}.Release|x86.ActiveCfg = Release|Any CPU
		{DAED7D7B-CFC2-44C9-8509-320597622542}.Release|x86.Build.0 = Release|Any CPU
	EndGlobalSection
	GlobalSection(NestedProjects) = preSolution
		{4A642D84-5C59-4761-AEF3-A7469BB59433} = {87FD0767-8C9B-4134-B89D-968E19A18A2B}
		{DAED7D7B-CFC2-44C9-8509-320597622542} = {87FD0767-8C9B-4134-B89D-968E19A18A2B}
	EndGlobalSection
EndGlobal
