
Microsoft Visual Studio Solution File, Format Version 12.00
# Visual Studio 15
VisualStudioVersion = 15.0.26124.0
MinimumVisualStudioVersion = 15.0.26124.0
Project("{FAE04EC0-301F-11D3-BF4B-00C04F79EFBC}") = "FlyApi.Api", "FlyApi.Api\FlyApi.Api.csproj", "{C4567004-F822-413D-A122-3F86998CD931}"
EndProject
Project("{FAE04EC0-301F-11D3-BF4B-00C04F79EFBC}") = "FlyApiContext.Domain", "flyApi.Domain\FlyApiContext.Domain.csproj", "{C649DA94-7471-43B6-8B79-E967590F40D1}"
EndProject
Project("{FAE04EC0-301F-11D3-BF4B-00C04F79EFBC}") = "FlyApi.Infra.CrossCutting.Caching", "FlyApi.Infra.CrossCutting.Caching\FlyApi.Infra.CrossCutting.Caching.csproj", "{47C81407-FFCF-4502-A1FD-FDD8BFC27754}"
EndProject
Global
	GlobalSection(SolutionConfigurationPlatforms) = preSolution
		Debug|Any CPU = Debug|Any CPU
		Debug|x64 = Debug|x64
		Debug|x86 = Debug|x86
		Release|Any CPU = Release|Any CPU
		Release|x64 = Release|x64
		Release|x86 = Release|x86
	EndGlobalSection
	GlobalSection(SolutionProperties) = preSolution
		HideSolutionNode = FALSE
	EndGlobalSection
	GlobalSection(ProjectConfigurationPlatforms) = postSolution
		{C4567004-F822-413D-A122-3F86998CD931}.Debug|Any CPU.ActiveCfg = Debug|Any CPU
		{C4567004-F822-413D-A122-3F86998CD931}.Debug|Any CPU.Build.0 = Debug|Any CPU
		{C4567004-F822-413D-A122-3F86998CD931}.Debug|x64.ActiveCfg = Debug|Any CPU
		{C4567004-F822-413D-A122-3F86998CD931}.Debug|x64.Build.0 = Debug|Any CPU
		{C4567004-F822-413D-A122-3F86998CD931}.Debug|x86.ActiveCfg = Debug|Any CPU
		{C4567004-F822-413D-A122-3F86998CD931}.Debug|x86.Build.0 = Debug|Any CPU
		{C4567004-F822-413D-A122-3F86998CD931}.Release|Any CPU.ActiveCfg = Release|Any CPU
		{C4567004-F822-413D-A122-3F86998CD931}.Release|Any CPU.Build.0 = Release|Any CPU
		{C4567004-F822-413D-A122-3F86998CD931}.Release|x64.ActiveCfg = Release|Any CPU
		{C4567004-F822-413D-A122-3F86998CD931}.Release|x64.Build.0 = Release|Any CPU
		{C4567004-F822-413D-A122-3F86998CD931}.Release|x86.ActiveCfg = Release|Any CPU
		{C4567004-F822-413D-A122-3F86998CD931}.Release|x86.Build.0 = Release|Any CPU
		{C649DA94-7471-43B6-8B79-E967590F40D1}.Debug|Any CPU.ActiveCfg = Debug|Any CPU
		{C649DA94-7471-43B6-8B79-E967590F40D1}.Debug|Any CPU.Build.0 = Debug|Any CPU
		{C649DA94-7471-43B6-8B79-E967590F40D1}.Debug|x64.ActiveCfg = Debug|Any CPU
		{C649DA94-7471-43B6-8B79-E967590F40D1}.Debug|x64.Build.0 = Debug|Any CPU
		{C649DA94-7471-43B6-8B79-E967590F40D1}.Debug|x86.ActiveCfg = Debug|Any CPU
		{C649DA94-7471-43B6-8B79-E967590F40D1}.Debug|x86.Build.0 = Debug|Any CPU
		{C649DA94-7471-43B6-8B79-E967590F40D1}.Release|Any CPU.ActiveCfg = Release|Any CPU
		{C649DA94-7471-43B6-8B79-E967590F40D1}.Release|Any CPU.Build.0 = Release|Any CPU
		{C649DA94-7471-43B6-8B79-E967590F40D1}.Release|x64.ActiveCfg = Release|Any CPU
		{C649DA94-7471-43B6-8B79-E967590F40D1}.Release|x64.Build.0 = Release|Any CPU
		{C649DA94-7471-43B6-8B79-E967590F40D1}.Release|x86.ActiveCfg = Release|Any CPU
		{C649DA94-7471-43B6-8B79-E967590F40D1}.Release|x86.Build.0 = Release|Any CPU
		{47C81407-FFCF-4502-A1FD-FDD8BFC27754}.Debug|Any CPU.ActiveCfg = Debug|Any CPU
		{47C81407-FFCF-4502-A1FD-FDD8BFC27754}.Debug|Any CPU.Build.0 = Debug|Any CPU
		{47C81407-FFCF-4502-A1FD-FDD8BFC27754}.Debug|x64.ActiveCfg = Debug|Any CPU
		{47C81407-FFCF-4502-A1FD-FDD8BFC27754}.Debug|x64.Build.0 = Debug|Any CPU
		{47C81407-FFCF-4502-A1FD-FDD8BFC27754}.Debug|x86.ActiveCfg = Debug|Any CPU
		{47C81407-FFCF-4502-A1FD-FDD8BFC27754}.Debug|x86.Build.0 = Debug|Any CPU
		{47C81407-FFCF-4502-A1FD-FDD8BFC27754}.Release|Any CPU.ActiveCfg = Release|Any CPU
		{47C81407-FFCF-4502-A1FD-FDD8BFC27754}.Release|Any CPU.Build.0 = Release|Any CPU
		{47C81407-FFCF-4502-A1FD-FDD8BFC27754}.Release|x64.ActiveCfg = Release|Any CPU
		{47C81407-FFCF-4502-A1FD-FDD8BFC27754}.Release|x64.Build.0 = Release|Any CPU
		{47C81407-FFCF-4502-A1FD-FDD8BFC27754}.Release|x86.ActiveCfg = Release|Any CPU
		{47C81407-FFCF-4502-A1FD-FDD8BFC27754}.Release|x86.Build.0 = Release|Any CPU
	EndGlobalSection
EndGlobal
